
Microsoft Visual Studio Solution File, Format Version 12.00
# Visual Studio 15
VisualStudioVersion = 15.0.27703.2000
MinimumVisualStudioVersion = 10.0.40219.1
Project("{FAE04EC0-301F-11D3-BF4B-00C04F79EFBC}") = "core-fw-csharp", "core-fw-csharp\core-fw-csharp.csproj", "{3BDCE819-0CBA-4E1B-A508-6663308DB659}"
EndProject
Global
	GlobalSection(SolutionConfigurationPlatforms) = preSolution
		Debug|Any CPU = Debug|Any CPU
		Release|Any CPU = Release|Any CPU
	EndGlobalSection
	GlobalSection(ProjectConfigurationPlatforms) = postSolution
		{3BDCE819-0CBA-4E1B-A508-6663308DB659}.Debug|Any CPU.ActiveCfg = Debug|Any CPU
		{3BDCE819-0CBA-4E1B-A508-6663308DB659}.Debug|Any CPU.Build.0 = Debug|Any CPU
		{3BDCE819-0CBA-4E1B-A508-6663308DB659}.Release|Any CPU.ActiveCfg = Release|Any CPU
		{3BDCE819-0CBA-4E1B-A508-6663308DB659}.Release|Any CPU.Build.0 = Release|Any CPU
	EndGlobalSection
	GlobalSection(SolutionProperties) = preSolution
		HideSolutionNode = FALSE
	EndGlobalSection
	GlobalSection(ExtensibilityGlobals) = postSolution
		SolutionGuid = {CA78B9CB-F451-4E6F-AE06-27E43C2D7EF5}
	EndGlobalSection
EndGlobal
